// !$*UTF8*$!
{
	archiveVersion = 1;
	classes = {
	};
	objectVersion = 50;
	objects = {

/* Begin PBXBuildFile section */
		EDB1AECA26799A580022F0CD /* AppDelegate.swift in Sources */ = {isa = PBXBuildFile; fileRef = EDB1AEC926799A580022F0CD /* AppDelegate.swift */; };
		EDB1AECC26799A580022F0CD /* SceneDelegate.swift in Sources */ = {isa = PBXBuildFile; fileRef = EDB1AECB26799A580022F0CD /* SceneDelegate.swift */; };
		EDB1AECE26799A580022F0CD /* ContentView.swift in Sources */ = {isa = PBXBuildFile; fileRef = EDB1AECD26799A580022F0CD /* ContentView.swift */; };
		EDB1AED026799A5A0022F0CD /* Assets.xcassets in Resources */ = {isa = PBXBuildFile; fileRef = EDB1AECF26799A5A0022F0CD /* Assets.xcassets */; };
		EDB1AED326799A5A0022F0CD /* Preview Assets.xcassets in Resources */ = {isa = PBXBuildFile; fileRef = EDB1AED226799A5A0022F0CD /* Preview Assets.xcassets */; };
		EDB1AED626799A5A0022F0CD /* LaunchScreen.storyboard in Resources */ = {isa = PBXBuildFile; fileRef = EDB1AED426799A5A0022F0CD /* LaunchScreen.storyboard */; };
/* End PBXBuildFile section */

/* Begin PBXFileReference section */
		EDB1AEC626799A580022F0CD /* SwiftUIXPlayground.app */ = {isa = PBXFileReference; explicitFileType = wrapper.application; includeInIndex = 0; path = SwiftUIXPlayground.app; sourceTree = BUILT_PRODUCTS_DIR; };
		EDB1AEC926799A580022F0CD /* AppDelegate.swift */ = {isa = PBXFileReference; lastKnownFileType = sourcecode.swift; path = AppDelegate.swift; sourceTree = "<group>"; };
		EDB1AECB26799A580022F0CD /* SceneDelegate.swift */ = {isa = PBXFileReference; lastKnownFileType = sourcecode.swift; path = SceneDelegate.swift; sourceTree = "<group>"; };
		EDB1AECD26799A580022F0CD /* ContentView.swift */ = {isa = PBXFileReference; lastKnownFileType = sourcecode.swift; path = ContentView.swift; sourceTree = "<group>"; };
		EDB1AECF26799A5A0022F0CD /* Assets.xcassets */ = {isa = PBXFileReference; lastKnownFileType = folder.assetcatalog; path = Assets.xcassets; sourceTree = "<group>"; };
		EDB1AED226799A5A0022F0CD /* Preview Assets.xcassets */ = {isa = PBXFileReference; lastKnownFileType = folder.assetcatalog; path = "Preview Assets.xcassets"; sourceTree = "<group>"; };
		EDB1AED526799A5A0022F0CD /* Base */ = {isa = PBXFileReference; lastKnownFileType = file.storyboard; name = Base; path = Base.lproj/LaunchScreen.storyboard; sourceTree = "<group>"; };
		EDB1AED726799A5A0022F0CD /* Info.plist */ = {isa = PBXFileReference; lastKnownFileType = text.plist.xml; path = Info.plist; sourceTree = "<group>"; };
/* End PBXFileReference section */

/* Begin PBXFrameworksBuildPhase section */
		EDB1AEC326799A580022F0CD /* Frameworks */ = {
			isa = PBXFrameworksBuildPhase;
			buildActionMask = 2147483647;
			files = (
			);
			runOnlyForDeploymentPostprocessing = 0;
		};
/* End PBXFrameworksBuildPhase section */

/* Begin PBXGroup section */
		EDB1AEBD26799A580022F0CD = {
			isa = PBXGroup;
			children = (
				EDB1AEC826799A580022F0CD /* SwiftUIXPlayground */,
				EDB1AEC726799A580022F0CD /* Products */,
			);
			sourceTree = "<group>";
		};
		EDB1AEC726799A580022F0CD /* Products */ = {
			isa = PBXGroup;
			children = (
				EDB1AEC626799A580022F0CD /* SwiftUIXPlayground.app */,
			);
			name = Products;
			sourceTree = "<group>";
		};
		EDB1AEC826799A580022F0CD /* SwiftUIXPlayground */ = {
			isa = PBXGroup;
			children = (
				EDB1AEC926799A580022F0CD /* AppDelegate.swift */,
				EDB1AECB26799A580022F0CD /* SceneDelegate.swift */,
				EDB1AECD26799A580022F0CD /* ContentView.swift */,
				EDB1AECF26799A5A0022F0CD /* Assets.xcassets */,
				EDB1AED426799A5A0022F0CD /* LaunchScreen.storyboard */,
				EDB1AED726799A5A0022F0CD /* Info.plist */,
				EDB1AED126799A5A0022F0CD /* Preview Content */,
			);
			path = SwiftUIXPlayground;
			sourceTree = "<group>";
		};
		EDB1AED126799A5A0022F0CD /* Preview Content */ = {
			isa = PBXGroup;
			children = (
				EDB1AED226799A5A0022F0CD /* Preview Assets.xcassets */,
			);
			path = "Preview Content";
			sourceTree = "<group>";
		};
/* End PBXGroup section */

/* Begin PBXNativeTarget section */
		EDB1AEC526799A580022F0CD /* SwiftUIXPlayground */ = {
			isa = PBXNativeTarget;
			buildConfigurationList = EDB1AEDA26799A5A0022F0CD /* Build configuration list for PBXNativeTarget "SwiftUIXPlayground" */;
			buildPhases = (
				EDB1AEC226799A580022F0CD /* Sources */,
				EDB1AEC326799A580022F0CD /* Frameworks */,
				EDB1AEC426799A580022F0CD /* Resources */,
			);
			buildRules = (
			);
			dependencies = (
			);
			name = SwiftUIXPlayground;
			productName = SwiftUIXPlayground;
			productReference = EDB1AEC626799A580022F0CD /* SwiftUIXPlayground.app */;
			productType = "com.apple.product-type.application";
		};
/* End PBXNativeTarget section */

/* Begin PBXProject section */
		EDB1AEBE26799A580022F0CD /* Project object */ = {
			isa = PBXProject;
			attributes = {
				LastSwiftUpdateCheck = 1250;
				LastUpgradeCheck = 1250;
				TargetAttributes = {
					EDB1AEC526799A580022F0CD = {
						CreatedOnToolsVersion = 12.5;
					};
				};
			};
			buildConfigurationList = EDB1AEC126799A580022F0CD /* Build configuration list for PBXProject "SwiftUIXPlayground" */;
			compatibilityVersion = "Xcode 9.3";
			developmentRegion = en;
			hasScannedForEncodings = 0;
			knownRegions = (
				en,
				Base,
			);
			mainGroup = EDB1AEBD26799A580022F0CD;
			productRefGroup = EDB1AEC726799A580022F0CD /* Products */;
			projectDirPath = "";
			projectRoot = "";
			targets = (
				EDB1AEC526799A580022F0CD /* SwiftUIXPlayground */,
			);
		};
/* End PBXProject section */

/* Begin PBXResourcesBuildPhase section */
		EDB1AEC426799A580022F0CD /* Resources */ = {
			isa = PBXResourcesBuildPhase;
			buildActionMask = 2147483647;
			files = (
				EDB1AED626799A5A0022F0CD /* LaunchScreen.storyboard in Resources */,
				EDB1AED326799A5A0022F0CD /* Preview Assets.xcassets in Resources */,
				EDB1AED026799A5A0022F0CD /* Assets.xcassets in Resources */,
			);
			runOnlyForDeploymentPostprocessing = 0;
		};
/* End PBXResourcesBuildPhase section */

/* Begin PBXSourcesBuildPhase section */
		EDB1AEC226799A580022F0CD /* Sources */ = {
			isa = PBXSourcesBuildPhase;
			buildActionMask = 2147483647;
			files = (
				EDB1AECA26799A580022F0CD /* AppDelegate.swift in Sources */,
				EDB1AECC26799A580022F0CD /* SceneDelegate.swift in Sources */,
				EDB1AECE26799A580022F0CD /* ContentView.swift in Sources */,
			);
			runOnlyForDeploymentPostprocessing = 0;
		};
/* End PBXSourcesBuildPhase section */

/* Begin PBXVariantGroup section */
		EDB1AED426799A5A0022F0CD /* LaunchScreen.storyboard */ = {
			isa = PBXVariantGroup;
			children = (
				EDB1AED526799A5A0022F0CD /* Base */,
			);
			name = LaunchScreen.storyboard;
			sourceTree = "<group>";
		};
/* End PBXVariantGroup section */

/* Begin XCBuildConfiguration section */
		EDB1AED826799A5A0022F0CD /* Debug */ = {
			isa = XCBuildConfiguration;
			buildSettings = {
				ALWAYS_SEARCH_USER_PATHS = NO;
				CLANG_ANALYZER_NONNULL = YES;
				CLANG_ANALYZER_NUMBER_OBJECT_CONVERSION = YES_AGGRESSIVE;
				CLANG_CXX_LANGUAGE_STANDARD = "gnu++14";
				CLANG_CXX_LIBRARY = "libc++";
				CLANG_ENABLE_MODULES = YES;
				CLANG_ENABLE_OBJC_ARC = YES;
				CLANG_ENABLE_OBJC_WEAK = YES;
				CLANG_WARN_BLOCK_CAPTURE_AUTORELEASING = YES;
				CLANG_WARN_BOOL_CONVERSION = YES;
				CLANG_WARN_COMMA = YES;
				CLANG_WARN_CONSTANT_CONVERSION = YES;
				CLANG_WARN_DEPRECATED_OBJC_IMPLEMENTATIONS = YES;
				CLANG_WARN_DIRECT_OBJC_ISA_USAGE = YES_ERROR;
				CLANG_WARN_DOCUMENTATION_COMMENTS = YES;
				CLANG_WARN_EMPTY_BODY = YES;
				CLANG_WARN_ENUM_CONVERSION = YES;
				CLANG_WARN_INFINITE_RECURSION = YES;
				CLANG_WARN_INT_CONVERSION = YES;
				CLANG_WARN_NON_LITERAL_NULL_CONVERSION = YES;
				CLANG_WARN_OBJC_IMPLICIT_RETAIN_SELF = YES;
				CLANG_WARN_OBJC_LITERAL_CONVERSION = YES;
				CLANG_WARN_OBJC_ROOT_CLASS = YES_ERROR;
				CLANG_WARN_QUOTED_INCLUDE_IN_FRAMEWORK_HEADER = YES;
				CLANG_WARN_RANGE_LOOP_ANALYSIS = YES;
				CLANG_WARN_STRICT_PROTOTYPES = YES;
				CLANG_WARN_SUSPICIOUS_MOVE = YES;
				CLANG_WARN_UNGUARDED_AVAILABILITY = YES_AGGRESSIVE;
				CLANG_WARN_UNREACHABLE_CODE = YES;
				CLANG_WARN__DUPLICATE_METHOD_MATCH = YES;
				COPY_PHASE_STRIP = NO;
				DEBUG_INFORMATION_FORMAT = dwarf;
				ENABLE_STRICT_OBJC_MSGSEND = YES;
				ENABLE_TESTABILITY = YES;
				GCC_C_LANGUAGE_STANDARD = gnu11;
				GCC_DYNAMIC_NO_PIC = NO;
				GCC_NO_COMMON_BLOCKS = YES;
				GCC_OPTIMIZATION_LEVEL = 0;
				GCC_PREPROCESSOR_DEFINITIONS = (
					"DEBUG=1",
					"$(inherited)",
				);
				GCC_WARN_64_TO_32_BIT_CONVERSION = YES;
				GCC_WARN_ABOUT_RETURN_TYPE = YES_ERROR;
				GCC_WARN_UNDECLARED_SELECTOR = YES;
				GCC_WARN_UNINITIALIZED_AUTOS = YES_AGGRESSIVE;
				GCC_WARN_UNUSED_FUNCTION = YES;
				GCC_WARN_UNUSED_VARIABLE = YES;
				IPHONEOS_DEPLOYMENT_TARGET = 14.5;
				MTL_ENABLE_DEBUG_INFO = INCLUDE_SOURCE;
				MTL_FAST_MATH = YES;
				ONLY_ACTIVE_ARCH = YES;
				SDKROOT = iphoneos;
				SWIFT_ACTIVE_COMPILATION_CONDITIONS = DEBUG;
				SWIFT_OPTIMIZATION_LEVEL = "-Onone";
			};
			name = Debug;
		};
		EDB1AED926799A5A0022F0CD /* Release */ = {
			isa = XCBuildConfiguration;
			buildSettings = {
				ALWAYS_SEARCH_USER_PATHS = NO;
				CLANG_ANALYZER_NONNULL = YES;
				CLANG_ANALYZER_NUMBER_OBJECT_CONVERSION = YES_AGGRESSIVE;
				CLANG_CXX_LANGUAGE_STANDARD = "gnu++14";
				CLANG_CXX_LIBRARY = "libc++";
				CLANG_ENABLE_MODULES = YES;
				CLANG_ENABLE_OBJC_ARC = YES;
				CLANG_ENABLE_OBJC_WEAK = YES;
				CLANG_WARN_BLOCK_CAPTURE_AUTORELEASING = YES;
				CLANG_WARN_BOOL_CONVERSION = YES;
				CLANG_WARN_COMMA = YES;
				CLANG_WARN_CONSTANT_CONVERSION = YES;
				CLANG_WARN_DEPRECATED_OBJC_IMPLEMENTATIONS = YES;
				CLANG_WARN_DIRECT_OBJC_ISA_USAGE = YES_ERROR;
				CLANG_WARN_DOCUMENTATION_COMMENTS = YES;
				CLANG_WARN_EMPTY_BODY = YES;
				CLANG_WARN_ENUM_CONVERSION = YES;
				CLANG_WARN_INFINITE_RECURSION = YES;
				CLANG_WARN_INT_CONVERSION = YES;
				CLANG_WARN_NON_LITERAL_NULL_CONVERSION = YES;
				CLANG_WARN_OBJC_IMPLICIT_RETAIN_SELF = YES;
				CLANG_WARN_OBJC_LITERAL_CONVERSION = YES;
				CLANG_WARN_OBJC_ROOT_CLASS = YES_ERROR;
				CLANG_WARN_QUOTED_INCLUDE_IN_FRAMEWORK_HEADER = YES;
				CLANG_WARN_RANGE_LOOP_ANALYSIS = YES;
				CLANG_WARN_STRICT_PROTOTYPES = YES;
				CLANG_WARN_SUSPICIOUS_MOVE = YES;
				CLANG_WARN_UNGUARDED_AVAILABILITY = YES_AGGRESSIVE;
				CLANG_WARN_UNREACHABLE_CODE = YES;
				CLANG_WARN__DUPLICATE_METHOD_MATCH = YES;
				COPY_PHASE_STRIP = NO;
				DEBUG_INFORMATION_FORMAT = "dwarf-with-dsym";
				ENABLE_NS_ASSERTIONS = NO;
				ENABLE_STRICT_OBJC_MSGSEND = YES;
				GCC_C_LANGUAGE_STANDARD = gnu11;
				GCC_NO_COMMON_BLOCKS = YES;
				GCC_WARN_64_TO_32_BIT_CONVERSION = YES;
				GCC_WARN_ABOUT_RETURN_TYPE = YES_ERROR;
				GCC_WARN_UNDECLARED_SELECTOR = YES;
				GCC_WARN_UNINITIALIZED_AUTOS = YES_AGGRESSIVE;
				GCC_WARN_UNUSED_FUNCTION = YES;
				GCC_WARN_UNUSED_VARIABLE = YES;
				IPHONEOS_DEPLOYMENT_TARGET = 14.5;
				MTL_ENABLE_DEBUG_INFO = NO;
				MTL_FAST_MATH = YES;
				SDKROOT = iphoneos;
				SWIFT_COMPILATION_MODE = wholemodule;
				SWIFT_OPTIMIZATION_LEVEL = "-O";
				VALIDATE_PRODUCT = YES;
			};
			name = Release;
		};
		EDB1AEDB26799A5A0022F0CD /* Debug */ = {
			isa = XCBuildConfiguration;
			buildSettings = {
				ASSETCATALOG_COMPILER_APPICON_NAME = AppIcon;
				ASSETCATALOG_COMPILER_GLOBAL_ACCENT_COLOR_NAME = AccentColor;
				CODE_SIGN_STYLE = Automatic;
				DEVELOPMENT_ASSET_PATHS = "\"SwiftUIXPlayground/Preview Content\"";
				DEVELOPMENT_TEAM = D8D2NQ6572;
				ENABLE_PREVIEWS = YES;
				INFOPLIST_FILE = SwiftUIXPlayground/Info.plist;
				LD_RUNPATH_SEARCH_PATHS = (
					"$(inherited)",
					"@executable_path/Frameworks",
				);
				PRODUCT_BUNDLE_IDENTIFIER = com.willbishop.SwiftUIXPlayground;
				PRODUCT_NAME = "$(TARGET_NAME)";
				SWIFT_VERSION = 5.0;
				TARGETED_DEVICE_FAMILY = "1,2";
			};
			name = Debug;
		};
		EDB1AEDC26799A5A0022F0CD /* Release */ = {
			isa = XCBuildConfiguration;
			buildSettings = {
				ASSETCATALOG_COMPILER_APPICON_NAME = AppIcon;
				ASSETCATALOG_COMPILER_GLOBAL_ACCENT_COLOR_NAME = AccentColor;
				CODE_SIGN_STYLE = Automatic;
				DEVELOPMENT_ASSET_PATHS = "\"SwiftUIXPlayground/Preview Content\"";
				DEVELOPMENT_TEAM = D8D2NQ6572;
				ENABLE_PREVIEWS = YES;
				INFOPLIST_FILE = SwiftUIXPlayground/Info.plist;
				LD_RUNPATH_SEARCH_PATHS = (
					"$(inherited)",
					"@executable_path/Frameworks",
				);
				PRODUCT_BUNDLE_IDENTIFIER = com.willbishop.SwiftUIXPlayground;
				PRODUCT_NAME = "$(TARGET_NAME)";
				SWIFT_VERSION = 5.0;
				TARGETED_DEVICE_FAMILY = "1,2";
			};
			name = Release;
		};
/* End XCBuildConfiguration section */

/* Begin XCConfigurationList section */
		EDB1AEC126799A580022F0CD /* Build configuration list for PBXProject "SwiftUIXPlayground" */ = {
			isa = XCConfigurationList;
			buildConfigurations = (
				EDB1AED826799A5A0022F0CD /* Debug */,
				EDB1AED926799A5A0022F0CD /* Release */,
			);
			defaultConfigurationIsVisible = 0;
			defaultConfigurationName = Release;
		};
		EDB1AEDA26799A5A0022F0CD /* Build configuration list for PBXNativeTarget "SwiftUIXPlayground" */ = {
			isa = XCConfigurationList;
			buildConfigurations = (
				EDB1AEDB26799A5A0022F0CD /* Debug */,
				EDB1AEDC26799A5A0022F0CD /* Release */,
			);
			defaultConfigurationIsVisible = 0;
			defaultConfigurationName = Release;
		};
/* End XCConfigurationList section */
	};
	rootObject = EDB1AEBE26799A580022F0CD /* Project object */;
}
